
Microsoft Visual Studio Solution File, Format Version 12.00
# Visual Studio 15
VisualStudioVersion = 15.0.28010.2016
MinimumVisualStudioVersion = 10.0.40219.1
Project("{FAE04EC0-301F-11D3-BF4B-00C04F79EFBC}") = "sep 21_registrstion validation web application", "sep 21_registrstion validation web application\sep 21_registrstion validation web application.csproj", "{954ABE8C-F018-4C2E-AC96-680D5273C2C5}"
EndProject
Project("{FAE04EC0-301F-11D3-BF4B-00C04F79EFBC}") = "Asp.net_Ass_1", "Asp.net_Ass_1\Asp.net_Ass_1.csproj", "{673B39F9-57B6-49B1-9E99-05069A34A8FD}"
EndProject
Project("{FAE04EC0-301F-11D3-BF4B-00C04F79EFBC}") = "sep 22", "sep 22\sep 22.csproj", "{007B8FDA-295D-4D33-964E-F2A9760A9B5E}"
EndProject
Global
	GlobalSection(SolutionConfigurationPlatforms) = preSolution
		Debug|Any CPU = Debug|Any CPU
		Release|Any CPU = Release|Any CPU
	EndGlobalSection
	GlobalSection(ProjectConfigurationPlatforms) = postSolution
		{954ABE8C-F018-4C2E-AC96-680D5273C2C5}.Debug|Any CPU.ActiveCfg = Debug|Any CPU
		{954ABE8C-F018-4C2E-AC96-680D5273C2C5}.Debug|Any CPU.Build.0 = Debug|Any CPU
		{954ABE8C-F018-4C2E-AC96-680D5273C2C5}.Release|Any CPU.ActiveCfg = Release|Any CPU
		{954ABE8C-F018-4C2E-AC96-680D5273C2C5}.Release|Any CPU.Build.0 = Release|Any CPU
		{673B39F9-57B6-49B1-9E99-05069A34A8FD}.Debug|Any CPU.ActiveCfg = Debug|Any CPU
		{673B39F9-57B6-49B1-9E99-05069A34A8FD}.Debug|Any CPU.Build.0 = Debug|Any CPU
		{673B39F9-57B6-49B1-9E99-05069A34A8FD}.Release|Any CPU.ActiveCfg = Release|Any CPU
		{673B39F9-57B6-49B1-9E99-05069A34A8FD}.Release|Any CPU.Build.0 = Release|Any CPU
		{007B8FDA-295D-4D33-964E-F2A9760A9B5E}.Debug|Any CPU.ActiveCfg = Debug|Any CPU
		{007B8FDA-295D-4D33-964E-F2A9760A9B5E}.Debug|Any CPU.Build.0 = Debug|Any CPU
		{007B8FDA-295D-4D33-964E-F2A9760A9B5E}.Release|Any CPU.ActiveCfg = Release|Any CPU
		{007B8FDA-295D-4D33-964E-F2A9760A9B5E}.Release|Any CPU.Build.0 = Release|Any CPU
	EndGlobalSection
	GlobalSection(SolutionProperties) = preSolution
		HideSolutionNode = FALSE
	EndGlobalSection
	GlobalSection(ExtensibilityGlobals) = postSolution
		SolutionGuid = {EC5024A4-AE9C-4793-AFAA-22D325AF48F0}
	EndGlobalSection
EndGlobal
